
Microsoft Visual Studio Solution File, Format Version 12.00
# Visual Studio Version 16
VisualStudioVersion = 16.0.29613.14
MinimumVisualStudioVersion = 10.0.40219.1
Project("{8BC9CEB8-8B4A-11D0-8D11-00A0C91BC942}") = "01、输出一个正方形", "1、输出一个正方形\1、输出一个正方形.vcxproj", "{A84B47D7-2C49-4EEA-88F9-4118AC4368C4}"
EndProject
Project("{8BC9CEB8-8B4A-11D0-8D11-00A0C91BC942}") = "02、十进制转换为十六进制", "2、十进制转换为十六进制\2、十进制转换为十六进制.vcxproj", "{A849D104-5A0B-4D5F-81A0-01CF6DB16295}"
EndProject
Project("{8BC9CEB8-8B4A-11D0-8D11-00A0C91BC942}") = "03、三个数由小到大排列", "3、三个数由小到大排列\3、三个数由小到大排列.vcxproj", "{38065A6D-145F-4CE8-9545-85C20DFEBD31}"
EndProject
Project("{8BC9CEB8-8B4A-11D0-8D11-00A0C91BC942}") = "04、数据类型的展示", "4、数据类型的展示\4、数据类型的展示.vcxproj", "{3D2EBC8D-A319-4BF6-82B6-30981CE57B09}"
EndProject
Project("{8BC9CEB8-8B4A-11D0-8D11-00A0C91BC942}") = "0、草稿本", "0、草稿本\0、草稿本.vcxproj", "{ED28449A-2A88-4AAB-8562-DD7CFB4EC534}"
EndProject
Project("{8BC9CEB8-8B4A-11D0-8D11-00A0C91BC942}") = "05、字符常量的输出", "5、字符常量的输出\5、字符常量的输出.vcxproj", "{BACC04DE-D04E-4979-9BD2-E6827FCAB7B9}"
EndProject
Project("{8BC9CEB8-8B4A-11D0-8D11-00A0C91BC942}") = "06、计算圆的面积与周长", "6、计算圆的面积与周长\6、计算圆的面积与周长.vcxproj", "{BC933C29-6943-4586-9942-A43FAE323219}"
EndProject
Project("{8BC9CEB8-8B4A-11D0-8D11-00A0C91BC942}") = "07、计算学生平均身高", "7、计算学生平均身高\7、计算学生平均身高.vcxproj", "{48A69986-D466-4543-8ECF-CAE862DAABA8}"
EndProject
Project("{8BC9CEB8-8B4A-11D0-8D11-00A0C91BC942}") = "08、使用字符型变量", "8、字符型变量\8、字符型变量.vcxproj", "{697303BE-4B27-4CC7-9549-EA181B5F05B3}"
EndProject
Project("{8BC9CEB8-8B4A-11D0-8D11-00A0C91BC942}") = "09、数据类型的转换", "9、数据类型的转换\9、数据类型的转换.vcxproj", "{C5435186-81DE-4946-BA1E-4900CDFF41C3}"
EndProject
Project("{8BC9CEB8-8B4A-11D0-8D11-00A0C91BC942}") = "10、运算符与表达式", "10、运算符与表达式\10、运算符与表达式.vcxproj", "{7A883BAA-FF22-42B6-9E1E-4EDB0955E91D}"
EndProject
Project("{8BC9CEB8-8B4A-11D0-8D11-00A0C91BC942}") = "11、判断闰年", "11、判断闰年\11、判断闰年.vcxproj", "{BD6FA658-D003-4B17-BCFB-B5BD4450CBFD}"
EndProject
Project("{8BC9CEB8-8B4A-11D0-8D11-00A0C91BC942}") = "12、判断整数倍", "12、判断整数倍\12、判断整数倍.vcxproj", "{1EC01F04-3F7E-4474-9315-9591A7A5E44B}"
EndProject
Project("{8BC9CEB8-8B4A-11D0-8D11-00A0C91BC942}") = "13、检查字符类型", "13、检查字符类型\13、检查字符类型.vcxproj", "{9C7778A0-EAB5-47AE-B223-B0FAB9DAE965}"
EndProject
Project("{8BC9CEB8-8B4A-11D0-8D11-00A0C91BC942}") = "14、判断三角形的类型", "14、判断三角形的类型\14、判断三角形的类型.vcxproj", "{CBA8FDB1-5DFC-4834-B909-8F24E0450297}"
EndProject
Project("{8BC9CEB8-8B4A-11D0-8D11-00A0C91BC942}") = "15、判断回文数", "15、判断回文数\15、判断回文数.vcxproj", "{1EA81EF6-B4D2-4921-9402-9781614914D0}"
EndProject
Project("{8BC9CEB8-8B4A-11D0-8D11-00A0C91BC942}") = "16、阶梯问题", "16、阶梯问题\16、阶梯问题.vcxproj", "{72BEA658-CB9E-4A82-A2B8-7E3BC5AD91B3}"
EndProject
Project("{8BC9CEB8-8B4A-11D0-8D11-00A0C91BC942}") = "17、大小写字母转换", "17、大小写字母转换\17、大小写字母转换.vcxproj", "{4B182852-7CB6-4B54-9F79-9FE596F49C3E}"
EndProject
Project("{8BC9CEB8-8B4A-11D0-8D11-00A0C91BC942}") = "18、使用字符函数输入输出字符", "18、使用字符函数输入输出字符\18、使用字符函数输入输出字符.vcxproj", "{AC2A5D28-8CFD-4EDB-8ADF-98DB5E4F5F11}"
EndProject
Project("{8BC9CEB8-8B4A-11D0-8D11-00A0C91BC942}") = "19、求一元二次方程的根", "19、求一元二次方程的根\19、求一元二次方程的根.vcxproj", "{07BFD25D-2863-43C7-8BD3-ACDA0A6A1E46}"
EndProject
Project("{8BC9CEB8-8B4A-11D0-8D11-00A0C91BC942}") = "20、求直角三角形的斜边", "20、求直角三角形的斜边\20、求直角三角形的斜边.vcxproj", "{99F7D8F5-17A2-4974-89AA-BB910E9717AE}"
EndProject
Project("{8BC9CEB8-8B4A-11D0-8D11-00A0C91BC942}") = "21、用 if 编写控制台菜单", "21、用 if 编写控制台菜单\21、用 if 编写控制台菜单.vcxproj", "{97BF2EA3-7701-4FA4-A7DC-0B27DD726CBA}"
EndProject
Project("{8BC9CEB8-8B4A-11D0-8D11-00A0C91BC942}") = "22、用 if 嵌套语句选择日程安排", "22、用 if 嵌套语句选择日程安排\22、用 if 嵌套语句选择日程安排.vcxproj", "{EBD132B3-2505-4A14-8F09-7886B6C4F629}"
EndProject
Project("{8BC9CEB8-8B4A-11D0-8D11-00A0C91BC942}") = "23、判断奇数还是偶数", "23、判断偶数\23、判断偶数.vcxproj", "{CE1CC7D3-D91D-4E30-836E-9C4D1CBCE6E1}"
EndProject
Project("{8BC9CEB8-8B4A-11D0-8D11-00A0C91BC942}") = "24、平方和值判断", "24、平方和值判断\24、平方和值判断.vcxproj", "{8F06058E-CA69-4E72-9E02-DFBE67A511EA}"
EndProject
Project("{8BC9CEB8-8B4A-11D0-8D11-00A0C91BC942}") = "25、用 switch 改写日程安排（原22题）", "25、用 switch 改写日程安排（原22题）\25、用 switch 改写日程安排（原22题）.vcxproj", "{78E4CEB9-4497-4401-9D87-7C76F07802A7}"
EndProject
Project("{8BC9CEB8-8B4A-11D0-8D11-00A0C91BC942}") = "26、评定成绩等级", "26、评定成绩等级\26、评定成绩等级.vcxproj", "{E4B9701B-23EC-4E50-AC00-9AD9A7F2E42A}"
EndProject
Project("{8BC9CEB8-8B4A-11D0-8D11-00A0C91BC942}") = "27、加油站费用", "27、加油站费用\27、加油站费用.vcxproj", "{70B72685-99C0-4DBB-A303-CC7BF9FE0100}"
EndProject
Project("{8BC9CEB8-8B4A-11D0-8D11-00A0C91BC942}") = "28、运输公司的计费", "28、运输公司的计费\28、运输公司的计费.vcxproj", "{83CD58E3-F560-4162-AD85-D96EDCCF0106}"
EndProject
Project("{8BC9CEB8-8B4A-11D0-8D11-00A0C91BC942}") = "29、判断某月有几天", "29、判断某月有几天\29、判断某月有几天.vcxproj", "{C669C591-AB00-43C4-ABA6-E5B273BDAA0B}"
EndProject
Project("{8BC9CEB8-8B4A-11D0-8D11-00A0C91BC942}") = "30、计算从1加到100的结果", "30、计算从1加到100的结果\30、计算从1加到100的结果.vcxproj", "{5665C943-C414-4DAE-BB7B-9D752E0636EC}"
EndProject
Project("{8BC9CEB8-8B4A-11D0-8D11-00A0C91BC942}") = "31、求某数的阶乘", "31、求某数的阶乘\31、求某数的阶乘.vcxproj", "{85DC9B26-2B8E-46F6-827C-42C6D536C19C}"
EndProject
Global
	GlobalSection(SolutionConfigurationPlatforms) = preSolution
		Debug|x64 = Debug|x64
		Debug|x86 = Debug|x86
		Release|x64 = Release|x64
		Release|x86 = Release|x86
	EndGlobalSection
	GlobalSection(ProjectConfigurationPlatforms) = postSolution
		{A84B47D7-2C49-4EEA-88F9-4118AC4368C4}.Debug|x64.ActiveCfg = Debug|x64
		{A84B47D7-2C49-4EEA-88F9-4118AC4368C4}.Debug|x64.Build.0 = Debug|x64
		{A84B47D7-2C49-4EEA-88F9-4118AC4368C4}.Debug|x86.ActiveCfg = Debug|Win32
		{A84B47D7-2C49-4EEA-88F9-4118AC4368C4}.Debug|x86.Build.0 = Debug|Win32
		{A84B47D7-2C49-4EEA-88F9-4118AC4368C4}.Release|x64.ActiveCfg = Release|x64
		{A84B47D7-2C49-4EEA-88F9-4118AC4368C4}.Release|x64.Build.0 = Release|x64
		{A84B47D7-2C49-4EEA-88F9-4118AC4368C4}.Release|x86.ActiveCfg = Release|Win32
		{A84B47D7-2C49-4EEA-88F9-4118AC4368C4}.Release|x86.Build.0 = Release|Win32
		{A849D104-5A0B-4D5F-81A0-01CF6DB16295}.Debug|x64.ActiveCfg = Debug|x64
		{A849D104-5A0B-4D5F-81A0-01CF6DB16295}.Debug|x64.Build.0 = Debug|x64
		{A849D104-5A0B-4D5F-81A0-01CF6DB16295}.Debug|x86.ActiveCfg = Debug|Win32
		{A849D104-5A0B-4D5F-81A0-01CF6DB16295}.Debug|x86.Build.0 = Debug|Win32
		{A849D104-5A0B-4D5F-81A0-01CF6DB16295}.Release|x64.ActiveCfg = Release|x64
		{A849D104-5A0B-4D5F-81A0-01CF6DB16295}.Release|x64.Build.0 = Release|x64
		{A849D104-5A0B-4D5F-81A0-01CF6DB16295}.Release|x86.ActiveCfg = Release|Win32
		{A849D104-5A0B-4D5F-81A0-01CF6DB16295}.Release|x86.Build.0 = Release|Win32
		{38065A6D-145F-4CE8-9545-85C20DFEBD31}.Debug|x64.ActiveCfg = Debug|x64
		{38065A6D-145F-4CE8-9545-85C20DFEBD31}.Debug|x64.Build.0 = Debug|x64
		{38065A6D-145F-4CE8-9545-85C20DFEBD31}.Debug|x86.ActiveCfg = Debug|Win32
		{38065A6D-145F-4CE8-9545-85C20DFEBD31}.Debug|x86.Build.0 = Debug|Win32
		{38065A6D-145F-4CE8-9545-85C20DFEBD31}.Release|x64.ActiveCfg = Release|x64
		{38065A6D-145F-4CE8-9545-85C20DFEBD31}.Release|x64.Build.0 = Release|x64
		{38065A6D-145F-4CE8-9545-85C20DFEBD31}.Release|x86.ActiveCfg = Release|Win32
		{38065A6D-145F-4CE8-9545-85C20DFEBD31}.Release|x86.Build.0 = Release|Win32
		{3D2EBC8D-A319-4BF6-82B6-30981CE57B09}.Debug|x64.ActiveCfg = Debug|x64
		{3D2EBC8D-A319-4BF6-82B6-30981CE57B09}.Debug|x64.Build.0 = Debug|x64
		{3D2EBC8D-A319-4BF6-82B6-30981CE57B09}.Debug|x86.ActiveCfg = Debug|Win32
		{3D2EBC8D-A319-4BF6-82B6-30981CE57B09}.Debug|x86.Build.0 = Debug|Win32
		{3D2EBC8D-A319-4BF6-82B6-30981CE57B09}.Release|x64.ActiveCfg = Release|x64
		{3D2EBC8D-A319-4BF6-82B6-30981CE57B09}.Release|x64.Build.0 = Release|x64
		{3D2EBC8D-A319-4BF6-82B6-30981CE57B09}.Release|x86.ActiveCfg = Release|Win32
		{3D2EBC8D-A319-4BF6-82B6-30981CE57B09}.Release|x86.Build.0 = Release|Win32
		{ED28449A-2A88-4AAB-8562-DD7CFB4EC534}.Debug|x64.ActiveCfg = Debug|x64
		{ED28449A-2A88-4AAB-8562-DD7CFB4EC534}.Debug|x64.Build.0 = Debug|x64
		{ED28449A-2A88-4AAB-8562-DD7CFB4EC534}.Debug|x86.ActiveCfg = Debug|Win32
		{ED28449A-2A88-4AAB-8562-DD7CFB4EC534}.Debug|x86.Build.0 = Debug|Win32
		{ED28449A-2A88-4AAB-8562-DD7CFB4EC534}.Release|x64.ActiveCfg = Release|x64
		{ED28449A-2A88-4AAB-8562-DD7CFB4EC534}.Release|x64.Build.0 = Release|x64
		{ED28449A-2A88-4AAB-8562-DD7CFB4EC534}.Release|x86.ActiveCfg = Release|Win32
		{ED28449A-2A88-4AAB-8562-DD7CFB4EC534}.Release|x86.Build.0 = Release|Win32
		{BACC04DE-D04E-4979-9BD2-E6827FCAB7B9}.Debug|x64.ActiveCfg = Debug|x64
		{BACC04DE-D04E-4979-9BD2-E6827FCAB7B9}.Debug|x64.Build.0 = Debug|x64
		{BACC04DE-D04E-4979-9BD2-E6827FCAB7B9}.Debug|x86.ActiveCfg = Debug|Win32
		{BACC04DE-D04E-4979-9BD2-E6827FCAB7B9}.Debug|x86.Build.0 = Debug|Win32
		{BACC04DE-D04E-4979-9BD2-E6827FCAB7B9}.Release|x64.ActiveCfg = Release|x64
		{BACC04DE-D04E-4979-9BD2-E6827FCAB7B9}.Release|x64.Build.0 = Release|x64
		{BACC04DE-D04E-4979-9BD2-E6827FCAB7B9}.Release|x86.ActiveCfg = Release|Win32
		{BACC04DE-D04E-4979-9BD2-E6827FCAB7B9}.Release|x86.Build.0 = Release|Win32
		{BC933C29-6943-4586-9942-A43FAE323219}.Debug|x64.ActiveCfg = Debug|x64
		{BC933C29-6943-4586-9942-A43FAE323219}.Debug|x64.Build.0 = Debug|x64
		{BC933C29-6943-4586-9942-A43FAE323219}.Debug|x86.ActiveCfg = Debug|Win32
		{BC933C29-6943-4586-9942-A43FAE323219}.Debug|x86.Build.0 = Debug|Win32
		{BC933C29-6943-4586-9942-A43FAE323219}.Release|x64.ActiveCfg = Release|x64
		{BC933C29-6943-4586-9942-A43FAE323219}.Release|x64.Build.0 = Release|x64
		{BC933C29-6943-4586-9942-A43FAE323219}.Release|x86.ActiveCfg = Release|Win32
		{BC933C29-6943-4586-9942-A43FAE323219}.Release|x86.Build.0 = Release|Win32
		{48A69986-D466-4543-8ECF-CAE862DAABA8}.Debug|x64.ActiveCfg = Debug|x64
		{48A69986-D466-4543-8ECF-CAE862DAABA8}.Debug|x64.Build.0 = Debug|x64
		{48A69986-D466-4543-8ECF-CAE862DAABA8}.Debug|x86.ActiveCfg = Debug|Win32
		{48A69986-D466-4543-8ECF-CAE862DAABA8}.Debug|x86.Build.0 = Debug|Win32
		{48A69986-D466-4543-8ECF-CAE862DAABA8}.Release|x64.ActiveCfg = Release|x64
		{48A69986-D466-4543-8ECF-CAE862DAABA8}.Release|x64.Build.0 = Release|x64
		{48A69986-D466-4543-8ECF-CAE862DAABA8}.Release|x86.ActiveCfg = Release|Win32
		{48A69986-D466-4543-8ECF-CAE862DAABA8}.Release|x86.Build.0 = Release|Win32
		{697303BE-4B27-4CC7-9549-EA181B5F05B3}.Debug|x64.ActiveCfg = Debug|x64
		{697303BE-4B27-4CC7-9549-EA181B5F05B3}.Debug|x64.Build.0 = Debug|x64
		{697303BE-4B27-4CC7-9549-EA181B5F05B3}.Debug|x86.ActiveCfg = Debug|Win32
		{697303BE-4B27-4CC7-9549-EA181B5F05B3}.Debug|x86.Build.0 = Debug|Win32
		{697303BE-4B27-4CC7-9549-EA181B5F05B3}.Release|x64.ActiveCfg = Release|x64
		{697303BE-4B27-4CC7-9549-EA181B5F05B3}.Release|x64.Build.0 = Release|x64
		{697303BE-4B27-4CC7-9549-EA181B5F05B3}.Release|x86.ActiveCfg = Release|Win32
		{697303BE-4B27-4CC7-9549-EA181B5F05B3}.Release|x86.Build.0 = Release|Win32
		{C5435186-81DE-4946-BA1E-4900CDFF41C3}.Debug|x64.ActiveCfg = Debug|x64
		{C5435186-81DE-4946-BA1E-4900CDFF41C3}.Debug|x64.Build.0 = Debug|x64
		{C5435186-81DE-4946-BA1E-4900CDFF41C3}.Debug|x86.ActiveCfg = Debug|Win32
		{C5435186-81DE-4946-BA1E-4900CDFF41C3}.Debug|x86.Build.0 = Debug|Win32
		{C5435186-81DE-4946-BA1E-4900CDFF41C3}.Release|x64.ActiveCfg = Release|x64
		{C5435186-81DE-4946-BA1E-4900CDFF41C3}.Release|x64.Build.0 = Release|x64
		{C5435186-81DE-4946-BA1E-4900CDFF41C3}.Release|x86.ActiveCfg = Release|Win32
		{C5435186-81DE-4946-BA1E-4900CDFF41C3}.Release|x86.Build.0 = Release|Win32
		{7A883BAA-FF22-42B6-9E1E-4EDB0955E91D}.Debug|x64.ActiveCfg = Debug|x64
		{7A883BAA-FF22-42B6-9E1E-4EDB0955E91D}.Debug|x64.Build.0 = Debug|x64
		{7A883BAA-FF22-42B6-9E1E-4EDB0955E91D}.Debug|x86.ActiveCfg = Debug|Win32
		{7A883BAA-FF22-42B6-9E1E-4EDB0955E91D}.Debug|x86.Build.0 = Debug|Win32
		{7A883BAA-FF22-42B6-9E1E-4EDB0955E91D}.Release|x64.ActiveCfg = Release|x64
		{7A883BAA-FF22-42B6-9E1E-4EDB0955E91D}.Release|x64.Build.0 = Release|x64
		{7A883BAA-FF22-42B6-9E1E-4EDB0955E91D}.Release|x86.ActiveCfg = Release|Win32
		{7A883BAA-FF22-42B6-9E1E-4EDB0955E91D}.Release|x86.Build.0 = Release|Win32
		{BD6FA658-D003-4B17-BCFB-B5BD4450CBFD}.Debug|x64.ActiveCfg = Debug|x64
		{BD6FA658-D003-4B17-BCFB-B5BD4450CBFD}.Debug|x64.Build.0 = Debug|x64
		{BD6FA658-D003-4B17-BCFB-B5BD4450CBFD}.Debug|x86.ActiveCfg = Debug|Win32
		{BD6FA658-D003-4B17-BCFB-B5BD4450CBFD}.Debug|x86.Build.0 = Debug|Win32
		{BD6FA658-D003-4B17-BCFB-B5BD4450CBFD}.Release|x64.ActiveCfg = Release|x64
		{BD6FA658-D003-4B17-BCFB-B5BD4450CBFD}.Release|x64.Build.0 = Release|x64
		{BD6FA658-D003-4B17-BCFB-B5BD4450CBFD}.Release|x86.ActiveCfg = Release|Win32
		{BD6FA658-D003-4B17-BCFB-B5BD4450CBFD}.Release|x86.Build.0 = Release|Win32
		{1EC01F04-3F7E-4474-9315-9591A7A5E44B}.Debug|x64.ActiveCfg = Debug|x64
		{1EC01F04-3F7E-4474-9315-9591A7A5E44B}.Debug|x64.Build.0 = Debug|x64
		{1EC01F04-3F7E-4474-9315-9591A7A5E44B}.Debug|x86.ActiveCfg = Debug|Win32
		{1EC01F04-3F7E-4474-9315-9591A7A5E44B}.Debug|x86.Build.0 = Debug|Win32
		{1EC01F04-3F7E-4474-9315-9591A7A5E44B}.Release|x64.ActiveCfg = Release|x64
		{1EC01F04-3F7E-4474-9315-9591A7A5E44B}.Release|x64.Build.0 = Release|x64
		{1EC01F04-3F7E-4474-9315-9591A7A5E44B}.Release|x86.ActiveCfg = Release|Win32
		{1EC01F04-3F7E-4474-9315-9591A7A5E44B}.Release|x86.Build.0 = Release|Win32
		{9C7778A0-EAB5-47AE-B223-B0FAB9DAE965}.Debug|x64.ActiveCfg = Debug|x64
		{9C7778A0-EAB5-47AE-B223-B0FAB9DAE965}.Debug|x64.Build.0 = Debug|x64
		{9C7778A0-EAB5-47AE-B223-B0FAB9DAE965}.Debug|x86.ActiveCfg = Debug|Win32
		{9C7778A0-EAB5-47AE-B223-B0FAB9DAE965}.Debug|x86.Build.0 = Debug|Win32
		{9C7778A0-EAB5-47AE-B223-B0FAB9DAE965}.Release|x64.ActiveCfg = Release|x64
		{9C7778A0-EAB5-47AE-B223-B0FAB9DAE965}.Release|x64.Build.0 = Release|x64
		{9C7778A0-EAB5-47AE-B223-B0FAB9DAE965}.Release|x86.ActiveCfg = Release|Win32
		{9C7778A0-EAB5-47AE-B223-B0FAB9DAE965}.Release|x86.Build.0 = Release|Win32
		{CBA8FDB1-5DFC-4834-B909-8F24E0450297}.Debug|x64.ActiveCfg = Debug|x64
		{CBA8FDB1-5DFC-4834-B909-8F24E0450297}.Debug|x64.Build.0 = Debug|x64
		{CBA8FDB1-5DFC-4834-B909-8F24E0450297}.Debug|x86.ActiveCfg = Debug|Win32
		{CBA8FDB1-5DFC-4834-B909-8F24E0450297}.Debug|x86.Build.0 = Debug|Win32
		{CBA8FDB1-5DFC-4834-B909-8F24E0450297}.Release|x64.ActiveCfg = Release|x64
		{CBA8FDB1-5DFC-4834-B909-8F24E0450297}.Release|x64.Build.0 = Release|x64
		{CBA8FDB1-5DFC-4834-B909-8F24E0450297}.Release|x86.ActiveCfg = Release|Win32
		{CBA8FDB1-5DFC-4834-B909-8F24E0450297}.Release|x86.Build.0 = Release|Win32
		{1EA81EF6-B4D2-4921-9402-9781614914D0}.Debug|x64.ActiveCfg = Debug|x64
		{1EA81EF6-B4D2-4921-9402-9781614914D0}.Debug|x64.Build.0 = Debug|x64
		{1EA81EF6-B4D2-4921-9402-9781614914D0}.Debug|x86.ActiveCfg = Debug|Win32
		{1EA81EF6-B4D2-4921-9402-9781614914D0}.Debug|x86.Build.0 = Debug|Win32
		{1EA81EF6-B4D2-4921-9402-9781614914D0}.Release|x64.ActiveCfg = Release|x64
		{1EA81EF6-B4D2-4921-9402-9781614914D0}.Release|x64.Build.0 = Release|x64
		{1EA81EF6-B4D2-4921-9402-9781614914D0}.Release|x86.ActiveCfg = Release|Win32
		{1EA81EF6-B4D2-4921-9402-9781614914D0}.Release|x86.Build.0 = Release|Win32
		{72BEA658-CB9E-4A82-A2B8-7E3BC5AD91B3}.Debug|x64.ActiveCfg = Debug|x64
		{72BEA658-CB9E-4A82-A2B8-7E3BC5AD91B3}.Debug|x64.Build.0 = Debug|x64
		{72BEA658-CB9E-4A82-A2B8-7E3BC5AD91B3}.Debug|x86.ActiveCfg = Debug|Win32
		{72BEA658-CB9E-4A82-A2B8-7E3BC5AD91B3}.Debug|x86.Build.0 = Debug|Win32
		{72BEA658-CB9E-4A82-A2B8-7E3BC5AD91B3}.Release|x64.ActiveCfg = Release|x64
		{72BEA658-CB9E-4A82-A2B8-7E3BC5AD91B3}.Release|x64.Build.0 = Release|x64
		{72BEA658-CB9E-4A82-A2B8-7E3BC5AD91B3}.Release|x86.ActiveCfg = Release|Win32
		{72BEA658-CB9E-4A82-A2B8-7E3BC5AD91B3}.Release|x86.Build.0 = Release|Win32
		{4B182852-7CB6-4B54-9F79-9FE596F49C3E}.Debug|x64.ActiveCfg = Debug|x64
		{4B182852-7CB6-4B54-9F79-9FE596F49C3E}.Debug|x64.Build.0 = Debug|x64
		{4B182852-7CB6-4B54-9F79-9FE596F49C3E}.Debug|x86.ActiveCfg = Debug|Win32
		{4B182852-7CB6-4B54-9F79-9FE596F49C3E}.Debug|x86.Build.0 = Debug|Win32
		{4B182852-7CB6-4B54-9F79-9FE596F49C3E}.Release|x64.ActiveCfg = Release|x64
		{4B182852-7CB6-4B54-9F79-9FE596F49C3E}.Release|x64.Build.0 = Release|x64
		{4B182852-7CB6-4B54-9F79-9FE596F49C3E}.Release|x86.ActiveCfg = Release|Win32
		{4B182852-7CB6-4B54-9F79-9FE596F49C3E}.Release|x86.Build.0 = Release|Win32
		{AC2A5D28-8CFD-4EDB-8ADF-98DB5E4F5F11}.Debug|x64.ActiveCfg = Debug|x64
		{AC2A5D28-8CFD-4EDB-8ADF-98DB5E4F5F11}.Debug|x64.Build.0 = Debug|x64
		{AC2A5D28-8CFD-4EDB-8ADF-98DB5E4F5F11}.Debug|x86.ActiveCfg = Debug|Win32
		{AC2A5D28-8CFD-4EDB-8ADF-98DB5E4F5F11}.Debug|x86.Build.0 = Debug|Win32
		{AC2A5D28-8CFD-4EDB-8ADF-98DB5E4F5F11}.Release|x64.ActiveCfg = Release|x64
		{AC2A5D28-8CFD-4EDB-8ADF-98DB5E4F5F11}.Release|x64.Build.0 = Release|x64
		{AC2A5D28-8CFD-4EDB-8ADF-98DB5E4F5F11}.Release|x86.ActiveCfg = Release|Win32
		{AC2A5D28-8CFD-4EDB-8ADF-98DB5E4F5F11}.Release|x86.Build.0 = Release|Win32
		{07BFD25D-2863-43C7-8BD3-ACDA0A6A1E46}.Debug|x64.ActiveCfg = Debug|x64
		{07BFD25D-2863-43C7-8BD3-ACDA0A6A1E46}.Debug|x64.Build.0 = Debug|x64
		{07BFD25D-2863-43C7-8BD3-ACDA0A6A1E46}.Debug|x86.ActiveCfg = Debug|Win32
		{07BFD25D-2863-43C7-8BD3-ACDA0A6A1E46}.Debug|x86.Build.0 = Debug|Win32
		{07BFD25D-2863-43C7-8BD3-ACDA0A6A1E46}.Release|x64.ActiveCfg = Release|x64
		{07BFD25D-2863-43C7-8BD3-ACDA0A6A1E46}.Release|x64.Build.0 = Release|x64
		{07BFD25D-2863-43C7-8BD3-ACDA0A6A1E46}.Release|x86.ActiveCfg = Release|Win32
		{07BFD25D-2863-43C7-8BD3-ACDA0A6A1E46}.Release|x86.Build.0 = Release|Win32
		{99F7D8F5-17A2-4974-89AA-BB910E9717AE}.Debug|x64.ActiveCfg = Debug|x64
		{99F7D8F5-17A2-4974-89AA-BB910E9717AE}.Debug|x64.Build.0 = Debug|x64
		{99F7D8F5-17A2-4974-89AA-BB910E9717AE}.Debug|x86.ActiveCfg = Debug|Win32
		{99F7D8F5-17A2-4974-89AA-BB910E9717AE}.Debug|x86.Build.0 = Debug|Win32
		{99F7D8F5-17A2-4974-89AA-BB910E9717AE}.Release|x64.ActiveCfg = Release|x64
		{99F7D8F5-17A2-4974-89AA-BB910E9717AE}.Release|x64.Build.0 = Release|x64
		{99F7D8F5-17A2-4974-89AA-BB910E9717AE}.Release|x86.ActiveCfg = Release|Win32
		{99F7D8F5-17A2-4974-89AA-BB910E9717AE}.Release|x86.Build.0 = Release|Win32
		{97BF2EA3-7701-4FA4-A7DC-0B27DD726CBA}.Debug|x64.ActiveCfg = Debug|x64
		{97BF2EA3-7701-4FA4-A7DC-0B27DD726CBA}.Debug|x64.Build.0 = Debug|x64
		{97BF2EA3-7701-4FA4-A7DC-0B27DD726CBA}.Debug|x86.ActiveCfg = Debug|Win32
		{97BF2EA3-7701-4FA4-A7DC-0B27DD726CBA}.Debug|x86.Build.0 = Debug|Win32
		{97BF2EA3-7701-4FA4-A7DC-0B27DD726CBA}.Release|x64.ActiveCfg = Release|x64
		{97BF2EA3-7701-4FA4-A7DC-0B27DD726CBA}.Release|x64.Build.0 = Release|x64
		{97BF2EA3-7701-4FA4-A7DC-0B27DD726CBA}.Release|x86.ActiveCfg = Release|Win32
		{97BF2EA3-7701-4FA4-A7DC-0B27DD726CBA}.Release|x86.Build.0 = Release|Win32
		{EBD132B3-2505-4A14-8F09-7886B6C4F629}.Debug|x64.ActiveCfg = Debug|x64
		{EBD132B3-2505-4A14-8F09-7886B6C4F629}.Debug|x64.Build.0 = Debug|x64
		{EBD132B3-2505-4A14-8F09-7886B6C4F629}.Debug|x86.ActiveCfg = Debug|Win32
		{EBD132B3-2505-4A14-8F09-7886B6C4F629}.Debug|x86.Build.0 = Debug|Win32
		{EBD132B3-2505-4A14-8F09-7886B6C4F629}.Release|x64.ActiveCfg = Release|x64
		{EBD132B3-2505-4A14-8F09-7886B6C4F629}.Release|x64.Build.0 = Release|x64
		{EBD132B3-2505-4A14-8F09-7886B6C4F629}.Release|x86.ActiveCfg = Release|Win32
		{EBD132B3-2505-4A14-8F09-7886B6C4F629}.Release|x86.Build.0 = Release|Win32
		{CE1CC7D3-D91D-4E30-836E-9C4D1CBCE6E1}.Debug|x64.ActiveCfg = Debug|x64
		{CE1CC7D3-D91D-4E30-836E-9C4D1CBCE6E1}.Debug|x64.Build.0 = Debug|x64
		{CE1CC7D3-D91D-4E30-836E-9C4D1CBCE6E1}.Debug|x86.ActiveCfg = Debug|Win32
		{CE1CC7D3-D91D-4E30-836E-9C4D1CBCE6E1}.Debug|x86.Build.0 = Debug|Win32
		{CE1CC7D3-D91D-4E30-836E-9C4D1CBCE6E1}.Release|x64.ActiveCfg = Release|x64
		{CE1CC7D3-D91D-4E30-836E-9C4D1CBCE6E1}.Release|x64.Build.0 = Release|x64
		{CE1CC7D3-D91D-4E30-836E-9C4D1CBCE6E1}.Release|x86.ActiveCfg = Release|Win32
		{CE1CC7D3-D91D-4E30-836E-9C4D1CBCE6E1}.Release|x86.Build.0 = Release|Win32
		{8F06058E-CA69-4E72-9E02-DFBE67A511EA}.Debug|x64.ActiveCfg = Debug|x64
		{8F06058E-CA69-4E72-9E02-DFBE67A511EA}.Debug|x64.Build.0 = Debug|x64
		{8F06058E-CA69-4E72-9E02-DFBE67A511EA}.Debug|x86.ActiveCfg = Debug|Win32
		{8F06058E-CA69-4E72-9E02-DFBE67A511EA}.Debug|x86.Build.0 = Debug|Win32
		{8F06058E-CA69-4E72-9E02-DFBE67A511EA}.Release|x64.ActiveCfg = Release|x64
		{8F06058E-CA69-4E72-9E02-DFBE67A511EA}.Release|x64.Build.0 = Release|x64
		{8F06058E-CA69-4E72-9E02-DFBE67A511EA}.Release|x86.ActiveCfg = Release|Win32
		{8F06058E-CA69-4E72-9E02-DFBE67A511EA}.Release|x86.Build.0 = Release|Win32
		{78E4CEB9-4497-4401-9D87-7C76F07802A7}.Debug|x64.ActiveCfg = Debug|x64
		{78E4CEB9-4497-4401-9D87-7C76F07802A7}.Debug|x64.Build.0 = Debug|x64
		{78E4CEB9-4497-4401-9D87-7C76F07802A7}.Debug|x86.ActiveCfg = Debug|Win32
		{78E4CEB9-4497-4401-9D87-7C76F07802A7}.Debug|x86.Build.0 = Debug|Win32
		{78E4CEB9-4497-4401-9D87-7C76F07802A7}.Release|x64.ActiveCfg = Release|x64
		{78E4CEB9-4497-4401-9D87-7C76F07802A7}.Release|x64.Build.0 = Release|x64
		{78E4CEB9-4497-4401-9D87-7C76F07802A7}.Release|x86.ActiveCfg = Release|Win32
		{78E4CEB9-4497-4401-9D87-7C76F07802A7}.Release|x86.Build.0 = Release|Win32
		{E4B9701B-23EC-4E50-AC00-9AD9A7F2E42A}.Debug|x64.ActiveCfg = Debug|x64
		{E4B9701B-23EC-4E50-AC00-9AD9A7F2E42A}.Debug|x64.Build.0 = Debug|x64
		{E4B9701B-23EC-4E50-AC00-9AD9A7F2E42A}.Debug|x86.ActiveCfg = Debug|Win32
		{E4B9701B-23EC-4E50-AC00-9AD9A7F2E42A}.Debug|x86.Build.0 = Debug|Win32
		{E4B9701B-23EC-4E50-AC00-9AD9A7F2E42A}.Release|x64.ActiveCfg = Release|x64
		{E4B9701B-23EC-4E50-AC00-9AD9A7F2E42A}.Release|x64.Build.0 = Release|x64
		{E4B9701B-23EC-4E50-AC00-9AD9A7F2E42A}.Release|x86.ActiveCfg = Release|Win32
		{E4B9701B-23EC-4E50-AC00-9AD9A7F2E42A}.Release|x86.Build.0 = Release|Win32
		{70B72685-99C0-4DBB-A303-CC7BF9FE0100}.Debug|x64.ActiveCfg = Debug|x64
		{70B72685-99C0-4DBB-A303-CC7BF9FE0100}.Debug|x64.Build.0 = Debug|x64
		{70B72685-99C0-4DBB-A303-CC7BF9FE0100}.Debug|x86.ActiveCfg = Debug|Win32
		{70B72685-99C0-4DBB-A303-CC7BF9FE0100}.Debug|x86.Build.0 = Debug|Win32
		{70B72685-99C0-4DBB-A303-CC7BF9FE0100}.Release|x64.ActiveCfg = Release|x64
		{70B72685-99C0-4DBB-A303-CC7BF9FE0100}.Release|x64.Build.0 = Release|x64
		{70B72685-99C0-4DBB-A303-CC7BF9FE0100}.Release|x86.ActiveCfg = Release|Win32
		{70B72685-99C0-4DBB-A303-CC7BF9FE0100}.Release|x86.Build.0 = Release|Win32
		{83CD58E3-F560-4162-AD85-D96EDCCF0106}.Debug|x64.ActiveCfg = Debug|x64
		{83CD58E3-F560-4162-AD85-D96EDCCF0106}.Debug|x64.Build.0 = Debug|x64
		{83CD58E3-F560-4162-AD85-D96EDCCF0106}.Debug|x86.ActiveCfg = Debug|Win32
		{83CD58E3-F560-4162-AD85-D96EDCCF0106}.Debug|x86.Build.0 = Debug|Win32
		{83CD58E3-F560-4162-AD85-D96EDCCF0106}.Release|x64.ActiveCfg = Release|x64
		{83CD58E3-F560-4162-AD85-D96EDCCF0106}.Release|x64.Build.0 = Release|x64
		{83CD58E3-F560-4162-AD85-D96EDCCF0106}.Release|x86.ActiveCfg = Release|Win32
		{83CD58E3-F560-4162-AD85-D96EDCCF0106}.Release|x86.Build.0 = Release|Win32
		{C669C591-AB00-43C4-ABA6-E5B273BDAA0B}.Debug|x64.ActiveCfg = Debug|x64
		{C669C591-AB00-43C4-ABA6-E5B273BDAA0B}.Debug|x64.Build.0 = Debug|x64
		{C669C591-AB00-43C4-ABA6-E5B273BDAA0B}.Debug|x86.ActiveCfg = Debug|Win32
		{C669C591-AB00-43C4-ABA6-E5B273BDAA0B}.Debug|x86.Build.0 = Debug|Win32
		{C669C591-AB00-43C4-ABA6-E5B273BDAA0B}.Release|x64.ActiveCfg = Release|x64
		{C669C591-AB00-43C4-ABA6-E5B273BDAA0B}.Release|x64.Build.0 = Release|x64
		{C669C591-AB00-43C4-ABA6-E5B273BDAA0B}.Release|x86.ActiveCfg = Release|Win32
		{C669C591-AB00-43C4-ABA6-E5B273BDAA0B}.Release|x86.Build.0 = Release|Win32
		{5665C943-C414-4DAE-BB7B-9D752E0636EC}.Debug|x64.ActiveCfg = Debug|x64
		{5665C943-C414-4DAE-BB7B-9D752E0636EC}.Debug|x64.Build.0 = Debug|x64
		{5665C943-C414-4DAE-BB7B-9D752E0636EC}.Debug|x86.ActiveCfg = Debug|Win32
		{5665C943-C414-4DAE-BB7B-9D752E0636EC}.Debug|x86.Build.0 = Debug|Win32
		{5665C943-C414-4DAE-BB7B-9D752E0636EC}.Release|x64.ActiveCfg = Release|x64
		{5665C943-C414-4DAE-BB7B-9D752E0636EC}.Release|x64.Build.0 = Release|x64
		{5665C943-C414-4DAE-BB7B-9D752E0636EC}.Release|x86.ActiveCfg = Release|Win32
		{5665C943-C414-4DAE-BB7B-9D752E0636EC}.Release|x86.Build.0 = Release|Win32
		{85DC9B26-2B8E-46F6-827C-42C6D536C19C}.Debug|x64.ActiveCfg = Debug|x64
		{85DC9B26-2B8E-46F6-827C-42C6D536C19C}.Debug|x64.Build.0 = Debug|x64
		{85DC9B26-2B8E-46F6-827C-42C6D536C19C}.Debug|x86.ActiveCfg = Debug|Win32
		{85DC9B26-2B8E-46F6-827C-42C6D536C19C}.Debug|x86.Build.0 = Debug|Win32
		{85DC9B26-2B8E-46F6-827C-42C6D536C19C}.Release|x64.ActiveCfg = Release|x64
		{85DC9B26-2B8E-46F6-827C-42C6D536C19C}.Release|x64.Build.0 = Release|x64
		{85DC9B26-2B8E-46F6-827C-42C6D536C19C}.Release|x86.ActiveCfg = Release|Win32
		{85DC9B26-2B8E-46F6-827C-42C6D536C19C}.Release|x86.Build.0 = Release|Win32
	EndGlobalSection
	GlobalSection(SolutionProperties) = preSolution
		HideSolutionNode = FALSE
	EndGlobalSection
	GlobalSection(ExtensibilityGlobals) = postSolution
		SolutionGuid = {4781A6EA-C58A-4750-8372-496C9B1C456C}
	EndGlobalSection
EndGlobal
